// !$*UTF8*$!
{
	archiveVersion = 1;
	classes = {
	};
	objectVersion = 60;
	objects = {

/* Begin PBXBuildFile section */
		9844AEF32B3C86A000E7AD7B /* WinBoardViewController.swift in Sources */ = {isa = PBXBuildFile; fileRef = 9844AEF22B3C86A000E7AD7B /* WinBoardViewController.swift */; };
		984D48DD2B345EDB00F02939 /* AppDelegate.swift in Sources */ = {isa = PBXBuildFile; fileRef = 984D48DC2B345EDB00F02939 /* AppDelegate.swift */; };
		984D48DF2B345EDB00F02939 /* SceneDelegate.swift in Sources */ = {isa = PBXBuildFile; fileRef = 984D48DE2B345EDB00F02939 /* SceneDelegate.swift */; };
		984D48E12B345EDB00F02939 /* ViewController.swift in Sources */ = {isa = PBXBuildFile; fileRef = 984D48E02B345EDB00F02939 /* ViewController.swift */; };
		984D48E42B345EDB00F02939 /* Main.storyboard in Resources */ = {isa = PBXBuildFile; fileRef = 984D48E22B345EDB00F02939 /* Main.storyboard */; };
		984D48E62B345EDD00F02939 /* Assets.xcassets in Resources */ = {isa = PBXBuildFile; fileRef = 984D48E52B345EDD00F02939 /* Assets.xcassets */; };
		984D48E92B345EDD00F02939 /* LaunchScreen.storyboard in Resources */ = {isa = PBXBuildFile; fileRef = 984D48E72B345EDD00F02939 /* LaunchScreen.storyboard */; };
		98EF0BAB2B3C5FFF004731D1 /* QuestionsViewController.swift in Sources */ = {isa = PBXBuildFile; fileRef = 98EF0BAA2B3C5FFF004731D1 /* QuestionsViewController.swift */; };
		98EF0BAD2B3C662B004731D1 /* Questao.swift in Sources */ = {isa = PBXBuildFile; fileRef = 98EF0BAC2B3C662B004731D1 /* Questao.swift */; };
/* End PBXBuildFile section */

/* Begin PBXFileReference section */
		9844AEF22B3C86A000E7AD7B /* WinBoardViewController.swift */ = {isa = PBXFileReference; lastKnownFileType = sourcecode.swift; path = WinBoardViewController.swift; sourceTree = "<group>"; };
		984D48D92B345EDB00F02939 /* GameQuiz.app */ = {isa = PBXFileReference; explicitFileType = wrapper.application; includeInIndex = 0; path = GameQuiz.app; sourceTree = BUILT_PRODUCTS_DIR; };
		984D48DC2B345EDB00F02939 /* AppDelegate.swift */ = {isa = PBXFileReference; lastKnownFileType = sourcecode.swift; path = AppDelegate.swift; sourceTree = "<group>"; };
		984D48DE2B345EDB00F02939 /* SceneDelegate.swift */ = {isa = PBXFileReference; lastKnownFileType = sourcecode.swift; path = SceneDelegate.swift; sourceTree = "<group>"; };
		984D48E02B345EDB00F02939 /* ViewController.swift */ = {isa = PBXFileReference; lastKnownFileType = sourcecode.swift; path = ViewController.swift; sourceTree = "<group>"; };
		984D48E32B345EDB00F02939 /* Base */ = {isa = PBXFileReference; lastKnownFileType = file.storyboard; name = Base; path = Base.lproj/Main.storyboard; sourceTree = "<group>"; };
		984D48E52B345EDD00F02939 /* Assets.xcassets */ = {isa = PBXFileReference; lastKnownFileType = folder.assetcatalog; path = Assets.xcassets; sourceTree = "<group>"; };
		984D48E82B345EDD00F02939 /* Base */ = {isa = PBXFileReference; lastKnownFileType = file.storyboard; name = Base; path = Base.lproj/LaunchScreen.storyboard; sourceTree = "<group>"; };
		984D48EA2B345EDD00F02939 /* Info.plist */ = {isa = PBXFileReference; lastKnownFileType = text.plist.xml; path = Info.plist; sourceTree = "<group>"; };
		98EF0BAA2B3C5FFF004731D1 /* QuestionsViewController.swift */ = {isa = PBXFileReference; lastKnownFileType = sourcecode.swift; path = QuestionsViewController.swift; sourceTree = "<group>"; };
		98EF0BAC2B3C662B004731D1 /* Questao.swift */ = {isa = PBXFileReference; lastKnownFileType = sourcecode.swift; path = Questao.swift; sourceTree = "<group>"; };
/* End PBXFileReference section */

/* Begin PBXFrameworksBuildPhase section */
		984D48D62B345EDB00F02939 /* Frameworks */ = {
			isa = PBXFrameworksBuildPhase;
			buildActionMask = 2147483647;
			files = (
			);
			runOnlyForDeploymentPostprocessing = 0;
		};
/* End PBXFrameworksBuildPhase section */

/* Begin PBXGroup section */
		984D48D02B345EDB00F02939 = {
			isa = PBXGroup;
			children = (
				984D48DB2B345EDB00F02939 /* GameQuiz */,
				984D48DA2B345EDB00F02939 /* Products */,
			);
			sourceTree = "<group>";
		};
		984D48DA2B345EDB00F02939 /* Products */ = {
			isa = PBXGroup;
			children = (
				984D48D92B345EDB00F02939 /* GameQuiz.app */,
			);
			name = Products;
			sourceTree = "<group>";
		};
		984D48DB2B345EDB00F02939 /* GameQuiz */ = {
			isa = PBXGroup;
			children = (
				984D48DC2B345EDB00F02939 /* AppDelegate.swift */,
				984D48DE2B345EDB00F02939 /* SceneDelegate.swift */,
				984D48E02B345EDB00F02939 /* ViewController.swift */,
				984D48E22B345EDB00F02939 /* Main.storyboard */,
				984D48E52B345EDD00F02939 /* Assets.xcassets */,
				984D48E72B345EDD00F02939 /* LaunchScreen.storyboard */,
				984D48EA2B345EDD00F02939 /* Info.plist */,
				98EF0BAA2B3C5FFF004731D1 /* QuestionsViewController.swift */,
				98EF0BAC2B3C662B004731D1 /* Questao.swift */,
				9844AEF22B3C86A000E7AD7B /* WinBoardViewController.swift */,
			);
			path = GameQuiz;
			sourceTree = "<group>";
		};
/* End PBXGroup section */

/* Begin PBXNativeTarget section */
		984D48D82B345EDB00F02939 /* GameQuiz */ = {
			isa = PBXNativeTarget;
			buildConfigurationList = 984D48ED2B345EDD00F02939 /* Build configuration list for PBXNativeTarget "GameQuiz" */;
			buildPhases = (
				984D48D52B345EDB00F02939 /* Sources */,
				984D48D62B345EDB00F02939 /* Frameworks */,
				984D48D72B345EDB00F02939 /* Resources */,
			);
			buildRules = (
			);
			dependencies = (
			);
			name = GameQuiz;
			productName = GameQuiz;
			productReference = 984D48D92B345EDB00F02939 /* GameQuiz.app */;
			productType = "com.apple.product-type.application";
		};
/* End PBXNativeTarget section */

/* Begin PBXProject section */
		984D48D12B345EDB00F02939 /* Project object */ = {
			isa = PBXProject;
			attributes = {
				BuildIndependentTargetsInParallel = 1;
				LastSwiftUpdateCheck = 1510;
				LastUpgradeCheck = 1510;
				TargetAttributes = {
					984D48D82B345EDB00F02939 = {
						CreatedOnToolsVersion = 15.1;
					};
				};
			};
			buildConfigurationList = 984D48D42B345EDB00F02939 /* Build configuration list for PBXProject "GameQuiz" */;
			compatibilityVersion = "Xcode 15.0";
			developmentRegion = en;
			hasScannedForEncodings = 0;
			knownRegions = (
				en,
				Base,
			);
			mainGroup = 984D48D02B345EDB00F02939;
			productRefGroup = 984D48DA2B345EDB00F02939 /* Products */;
			projectDirPath = "";
			projectRoot = "";
			targets = (
				984D48D82B345EDB00F02939 /* GameQuiz */,
			);
		};
/* End PBXProject section */

/* Begin PBXResourcesBuildPhase section */
		984D48D72B345EDB00F02939 /* Resources */ = {
			isa = PBXResourcesBuildPhase;
			buildActionMask = 2147483647;
			files = (
				984D48E92B345EDD00F02939 /* LaunchScreen.storyboard in Resources */,
				984D48E62B345EDD00F02939 /* Assets.xcassets in Resources */,
				984D48E42B345EDB00F02939 /* Main.storyboard in Resources */,
			);
			runOnlyForDeploymentPostprocessing = 0;
		};
/* End PBXResourcesBuildPhase section */

/* Begin PBXSourcesBuildPhase section */
		984D48D52B345EDB00F02939 /* Sources */ = {
			isa = PBXSourcesBuildPhase;
			buildActionMask = 2147483647;
			files = (
				9844AEF32B3C86A000E7AD7B /* WinBoardViewController.swift in Sources */,
				984D48E12B345EDB00F02939 /* ViewController.swift in Sources */,
				984D48DD2B345EDB00F02939 /* AppDelegate.swift in Sources */,
				98EF0BAB2B3C5FFF004731D1 /* QuestionsViewController.swift in Sources */,
				98EF0BAD2B3C662B004731D1 /* Questao.swift in Sources */,
				984D48DF2B345EDB00F02939 /* SceneDelegate.swift in Sources */,
			);
			runOnlyForDeploymentPostprocessing = 0;
		};
/* End PBXSourcesBuildPhase section */

/* Begin PBXVariantGroup section */
		984D48E22B345EDB00F02939 /* Main.storyboard */ = {
			isa = PBXVariantGroup;
			children = (
				984D48E32B345EDB00F02939 /* Base */,
			);
			name = Main.storyboard;
			sourceTree = "<group>";
		};
		984D48E72B345EDD00F02939 /* LaunchScreen.storyboard */ = {
			isa = PBXVariantGroup;
			children = (
				984D48E82B345EDD00F02939 /* Base */,
			);
			name = LaunchScreen.storyboard;
			sourceTree = "<group>";
		};
/* End PBXVariantGroup section */

/* Begin XCBuildConfiguration section */
		984D48EB2B345EDD00F02939 /* Debug */ = {
			isa = XCBuildConfiguration;
			buildSettings = {
				ALWAYS_SEARCH_USER_PATHS = NO;
				ASSETCATALOG_COMPILER_GENERATE_SWIFT_ASSET_SYMBOL_EXTENSIONS = YES;
				CLANG_ANALYZER_NONNULL = YES;
				CLANG_ANALYZER_NUMBER_OBJECT_CONVERSION = YES_AGGRESSIVE;
				CLANG_CXX_LANGUAGE_STANDARD = "gnu++20";
				CLANG_ENABLE_MODULES = YES;
				CLANG_ENABLE_OBJC_ARC = YES;
				CLANG_ENABLE_OBJC_WEAK = YES;
				CLANG_WARN_BLOCK_CAPTURE_AUTORELEASING = YES;
				CLANG_WARN_BOOL_CONVERSION = YES;
				CLANG_WARN_COMMA = YES;
				CLANG_WARN_CONSTANT_CONVERSION = YES;
				CLANG_WARN_DEPRECATED_OBJC_IMPLEMENTATIONS = YES;
				CLANG_WARN_DIRECT_OBJC_ISA_USAGE = YES_ERROR;
				CLANG_WARN_DOCUMENTATION_COMMENTS = YES;
				CLANG_WARN_EMPTY_BODY = YES;
				CLANG_WARN_ENUM_CONVERSION = YES;
				CLANG_WARN_INFINITE_RECURSION = YES;
				CLANG_WARN_INT_CONVERSION = YES;
				CLANG_WARN_NON_LITERAL_NULL_CONVERSION = YES;
				CLANG_WARN_OBJC_IMPLICIT_RETAIN_SELF = YES;
				CLANG_WARN_OBJC_LITERAL_CONVERSION = YES;
				CLANG_WARN_OBJC_ROOT_CLASS = YES_ERROR;
				CLANG_WARN_QUOTED_INCLUDE_IN_FRAMEWORK_HEADER = YES;
				CLANG_WARN_RANGE_LOOP_ANALYSIS = YES;
				CLANG_WARN_STRICT_PROTOTYPES = YES;
				CLANG_WARN_SUSPICIOUS_MOVE = YES;
				CLANG_WARN_UNGUARDED_AVAILABILITY = YES_AGGRESSIVE;
				CLANG_WARN_UNREACHABLE_CODE = YES;
				CLANG_WARN__DUPLICATE_METHOD_MATCH = YES;
				COPY_PHASE_STRIP = NO;
				DEBUG_INFORMATION_FORMAT = dwarf;
				ENABLE_STRICT_OBJC_MSGSEND = YES;
				ENABLE_TESTABILITY = YES;
				ENABLE_USER_SCRIPT_SANDBOXING = YES;
				GCC_C_LANGUAGE_STANDARD = gnu17;
				GCC_DYNAMIC_NO_PIC = NO;
				GCC_NO_COMMON_BLOCKS = YES;
				GCC_OPTIMIZATION_LEVEL = 0;
				GCC_PREPROCESSOR_DEFINITIONS = (
					"DEBUG=1",
					"$(inherited)",
				);
				GCC_WARN_64_TO_32_BIT_CONVERSION = YES;
				GCC_WARN_ABOUT_RETURN_TYPE = YES_ERROR;
				GCC_WARN_UNDECLARED_SELECTOR = YES;
				GCC_WARN_UNINITIALIZED_AUTOS = YES_AGGRESSIVE;
				GCC_WARN_UNUSED_FUNCTION = YES;
				GCC_WARN_UNUSED_VARIABLE = YES;
				IPHONEOS_DEPLOYMENT_TARGET = 17.2;
				LOCALIZATION_PREFERS_STRING_CATALOGS = YES;
				MTL_ENABLE_DEBUG_INFO = INCLUDE_SOURCE;
				MTL_FAST_MATH = YES;
				ONLY_ACTIVE_ARCH = YES;
				SDKROOT = iphoneos;
				SWIFT_ACTIVE_COMPILATION_CONDITIONS = "DEBUG $(inherited)";
				SWIFT_OPTIMIZATION_LEVEL = "-Onone";
			};
			name = Debug;
		};
		984D48EC2B345EDD00F02939 /* Release */ = {
			isa = XCBuildConfiguration;
			buildSettings = {
				ALWAYS_SEARCH_USER_PATHS = NO;
				ASSETCATALOG_COMPILER_GENERATE_SWIFT_ASSET_SYMBOL_EXTENSIONS = YES;
				CLANG_ANALYZER_NONNULL = YES;
				CLANG_ANALYZER_NUMBER_OBJECT_CONVERSION = YES_AGGRESSIVE;
				CLANG_CXX_LANGUAGE_STANDARD = "gnu++20";
				CLANG_ENABLE_MODULES = YES;
				CLANG_ENABLE_OBJC_ARC = YES;
				CLANG_ENABLE_OBJC_WEAK = YES;
				CLANG_WARN_BLOCK_CAPTURE_AUTORELEASING = YES;
				CLANG_WARN_BOOL_CONVERSION = YES;
				CLANG_WARN_COMMA = YES;
				CLANG_WARN_CONSTANT_CONVERSION = YES;
				CLANG_WARN_DEPRECATED_OBJC_IMPLEMENTATIONS = YES;
				CLANG_WARN_DIRECT_OBJC_ISA_USAGE = YES_ERROR;
				CLANG_WARN_DOCUMENTATION_COMMENTS = YES;
				CLANG_WARN_EMPTY_BODY = YES;
				CLANG_WARN_ENUM_CONVERSION = YES;
				CLANG_WARN_INFINITE_RECURSION = YES;
				CLANG_WARN_INT_CONVERSION = YES;
				CLANG_WARN_NON_LITERAL_NULL_CONVERSION = YES;
				CLANG_WARN_OBJC_IMPLICIT_RETAIN_SELF = YES;
				CLANG_WARN_OBJC_LITERAL_CONVERSION = YES;
				CLANG_WARN_OBJC_ROOT_CLASS = YES_ERROR;
				CLANG_WARN_QUOTED_INCLUDE_IN_FRAMEWORK_HEADER = YES;
				CLANG_WARN_RANGE_LOOP_ANALYSIS = YES;
				CLANG_WARN_STRICT_PROTOTYPES = YES;
				CLANG_WARN_SUSPICIOUS_MOVE = YES;
				CLANG_WARN_UNGUARDED_AVAILABILITY = YES_AGGRESSIVE;
				CLANG_WARN_UNREACHABLE_CODE = YES;
				CLANG_WARN__DUPLICATE_METHOD_MATCH = YES;
				COPY_PHASE_STRIP = NO;
				DEBUG_INFORMATION_FORMAT = "dwarf-with-dsym";
				ENABLE_NS_ASSERTIONS = NO;
				ENABLE_STRICT_OBJC_MSGSEND = YES;
				ENABLE_USER_SCRIPT_SANDBOXING = YES;
				GCC_C_LANGUAGE_STANDARD = gnu17;
				GCC_NO_COMMON_BLOCKS = YES;
				GCC_WARN_64_TO_32_BIT_CONVERSION = YES;
				GCC_WARN_ABOUT_RETURN_TYPE = YES_ERROR;
				GCC_WARN_UNDECLARED_SELECTOR = YES;
				GCC_WARN_UNINITIALIZED_AUTOS = YES_AGGRESSIVE;
				GCC_WARN_UNUSED_FUNCTION = YES;
				GCC_WARN_UNUSED_VARIABLE = YES;
				IPHONEOS_DEPLOYMENT_TARGET = 17.2;
				LOCALIZATION_PREFERS_STRING_CATALOGS = YES;
				MTL_ENABLE_DEBUG_INFO = NO;
				MTL_FAST_MATH = YES;
				SDKROOT = iphoneos;
				SWIFT_COMPILATION_MODE = wholemodule;
				VALIDATE_PRODUCT = YES;
			};
			name = Release;
		};
		984D48EE2B345EDD00F02939 /* Debug */ = {
			isa = XCBuildConfiguration;
			buildSettings = {
				ASSETCATALOG_COMPILER_APPICON_NAME = AppIcon;
				ASSETCATALOG_COMPILER_GLOBAL_ACCENT_COLOR_NAME = AccentColor;
				CODE_SIGN_STYLE = Automatic;
				CURRENT_PROJECT_VERSION = 1;
				DEVELOPMENT_TEAM = F35XAGU96T;
				GENERATE_INFOPLIST_FILE = YES;
				INFOPLIST_FILE = GameQuiz/Info.plist;
				INFOPLIST_KEY_CFBundleDisplayName = "Odonto Quis";
				INFOPLIST_KEY_LSApplicationCategoryType = "public.app-category.educational-games";
				INFOPLIST_KEY_UIApplicationSupportsIndirectInputEvents = YES;
				INFOPLIST_KEY_UILaunchStoryboardName = LaunchScreen;
				INFOPLIST_KEY_UIMainStoryboardFile = Main;
				INFOPLIST_KEY_UISupportedInterfaceOrientations = UIInterfaceOrientationPortrait;
				INFOPLIST_KEY_UISupportedInterfaceOrientations_iPad = "UIInterfaceOrientationLandscapeLeft UIInterfaceOrientationLandscapeRight UIInterfaceOrientationPortrait UIInterfaceOrientationPortraitUpsideDown";
				IPHONEOS_DEPLOYMENT_TARGET = 15.0;
				LD_RUNPATH_SEARCH_PATHS = (
					"$(inherited)",
					"@executable_path/Frameworks",
				);
				MARKETING_VERSION = 1.0;
				PRODUCT_BUNDLE_IDENTIFIER = DevFastCo.GameQuiz;
				PRODUCT_NAME = "$(TARGET_NAME)";
				SUPPORTED_PLATFORMS = "iphoneos iphonesimulator";
				SUPPORTS_MACCATALYST = NO;
				SUPPORTS_MAC_DESIGNED_FOR_IPHONE_IPAD = NO;
				SWIFT_EMIT_LOC_STRINGS = YES;
				SWIFT_VERSION = 5.0;
				TARGETED_DEVICE_FAMILY = "1,2";
			};
			name = Debug;
		};
		984D48EF2B345EDD00F02939 /* Release */ = {
			isa = XCBuildConfiguration;
			buildSettings = {
				ASSETCATALOG_COMPILER_APPICON_NAME = AppIcon;
				ASSETCATALOG_COMPILER_GLOBAL_ACCENT_COLOR_NAME = AccentColor;
				CODE_SIGN_STYLE = Automatic;
				CURRENT_PROJECT_VERSION = 1;
				DEVELOPMENT_TEAM = F35XAGU96T;
				GENERATE_INFOPLIST_FILE = YES;
				INFOPLIST_FILE = GameQuiz/Info.plist;
				INFOPLIST_KEY_CFBundleDisplayName = "Odonto Quis";
				INFOPLIST_KEY_LSApplicationCategoryType = "public.app-category.educational-games";
				INFOPLIST_KEY_UIApplicationSupportsIndirectInputEvents = YES;
				INFOPLIST_KEY_UILaunchStoryboardName = LaunchScreen;
				INFOPLIST_KEY_UIMainStoryboardFile = Main;
				INFOPLIST_KEY_UISupportedInterfaceOrientations = UIInterfaceOrientationPortrait;
				INFOPLIST_KEY_UISupportedInterfaceOrientations_iPad = "UIInterfaceOrientationLandscapeLeft UIInterfaceOrientationLandscapeRight UIInterfaceOrientationPortrait UIInterfaceOrientationPortraitUpsideDown";
				IPHONEOS_DEPLOYMENT_TARGET = 15.0;
				LD_RUNPATH_SEARCH_PATHS = (
					"$(inherited)",
					"@executable_path/Frameworks",
				);
				MARKETING_VERSION = 1.0;
				PRODUCT_BUNDLE_IDENTIFIER = DevFastCo.GameQuiz;
				PRODUCT_NAME = "$(TARGET_NAME)";
				SUPPORTED_PLATFORMS = "iphoneos iphonesimulator";
				SUPPORTS_MACCATALYST = NO;
				SUPPORTS_MAC_DESIGNED_FOR_IPHONE_IPAD = NO;
				SWIFT_EMIT_LOC_STRINGS = YES;
				SWIFT_VERSION = 5.0;
				TARGETED_DEVICE_FAMILY = "1,2";
			};
			name = Release;
		};
/* End XCBuildConfiguration section */

/* Begin XCConfigurationList section */
		984D48D42B345EDB00F02939 /* Build configuration list for PBXProject "GameQuiz" */ = {
			isa = XCConfigurationList;
			buildConfigurations = (
				984D48EB2B345EDD00F02939 /* Debug */,
				984D48EC2B345EDD00F02939 /* Release */,
			);
			defaultConfigurationIsVisible = 0;
			defaultConfigurationName = Release;
		};
		984D48ED2B345EDD00F02939 /* Build configuration list for PBXNativeTarget "GameQuiz" */ = {
			isa = XCConfigurationList;
			buildConfigurations = (
				984D48EE2B345EDD00F02939 /* Debug */,
				984D48EF2B345EDD00F02939 /* Release */,
			);
			defaultConfigurationIsVisible = 0;
			defaultConfigurationName = Release;
		};
/* End XCConfigurationList section */
	};
	rootObject = 984D48D12B345EDB00F02939 /* Project object */;
}
